
Microsoft Visual Studio Solution File, Format Version 12.00
# Visual Studio Version 16
VisualStudioVersion = 16.0.30128.74
MinimumVisualStudioVersion = 10.0.40219.1
Project("{888888A0-9F3D-457C-B088-3A5042F75D52}") = "Random Data Generator", "Random Data Generator\Random Data Generator.pyproj", "{C57CB46E-AC20-403C-BF61-712140D94C6E}"
EndProject
Global
	GlobalSection(SolutionConfigurationPlatforms) = preSolution
		Debug|Any CPU = Debug|Any CPU
		Release|Any CPU = Release|Any CPU
	EndGlobalSection
	GlobalSection(ProjectConfigurationPlatforms) = postSolution
		{C57CB46E-AC20-403C-BF61-712140D94C6E}.Debug|Any CPU.ActiveCfg = Debug|Any CPU
		{C57CB46E-AC20-403C-BF61-712140D94C6E}.Release|Any CPU.ActiveCfg = Release|Any CPU
	EndGlobalSection
	GlobalSection(SolutionProperties) = preSolution
		HideSolutionNode = FALSE
	EndGlobalSection
	GlobalSection(ExtensibilityGlobals) = postSolution
		SolutionGuid = {6DC295D8-2E32-4FE7-8A1C-25C05E437DBD}
	EndGlobalSection
EndGlobal
